<?xml version="1.0" encoding="utf-8"?>
<Project ToolsVersion="4.0" xmlns="http://schemas.microsoft.com/developer/msbuild/2003">
  <ItemGroup>
    <Filter Include="소스 파일">
      <UniqueIdentifier>{4FC737F1-C7A5-4376-A066-2A32D752A2FF}</UniqueIdentifier>
      <Extensions>cpp;c;cc;cxx;c++;def;odl;idl;hpj;bat;asm;asmx</Extensions>
    </Filter>
    <Filter Include="헤더 파일">
      <UniqueIdentifier>{93995380-89BD-4b04-88EB-625FBE52EBFB}</UniqueIdentifier>
      <Extensions>h;hh;hpp;hxx;h++;hm;inl;inc;ipp;xsd</Extensions>
    </Filter>
    <Filter Include="리소스 파일">
      <UniqueIdentifier>{67DA6AB6-F800-4c08-8B7A-83BB121AAD01}</UniqueIdentifier>
      <Extensions>rc;ico;cur;bmp;dlg;rc2;rct;bin;rgs;gif;jpg;jpeg;jpe;resx;tiff;tif;png;wav;mfcribbon-ms</Extensions>
    </Filter>
    <Filter Include="소스 파일\0.divide and conquer">
      <UniqueIdentifier>{1eb47b66-4125-4ef7-8484-050702edadf6}</UniqueIdentifier>
    </Filter>
    <Filter Include="소스 파일\1.greedy">
      <UniqueIdentifier>{afd30c3b-d1bb-494d-bbf5-98da39f4d231}</UniqueIdentifier>
    </Filter>
    <Filter Include="소스 파일\2.dynamic programming">
      <UniqueIdentifier>{dfbe8d8d-fcf6-4dc9-a59c-e9fc91c13fbc}</UniqueIdentifier>
    </Filter>
    <Filter Include="소스 파일\99.etc">
      <UniqueIdentifier>{4b26958a-0a8d-45a6-b597-f55930ec4f80}</UniqueIdentifier>
    </Filter>
    <Filter Include="소스 파일\3.approximation">
      <UniqueIdentifier>{91f04512-9531-4e8f-a487-16b9f7907570}</UniqueIdentifier>
    </Filter>
    <Filter Include="소스 파일\4.backtracking">
      <UniqueIdentifier>{37127f81-d700-41ec-83db-9eb5f1b2e426}</UniqueIdentifier>
    </Filter>
    <Filter Include="소스 파일\5.branch and bound">
      <UniqueIdentifier>{f00fc954-d3b5-4da0-afa3-e8188f146d12}</UniqueIdentifier>
    </Filter>
  </ItemGroup>
  <ItemGroup>
    <ClCompile Include="소수판별.cpp">
      <Filter>소스 파일\99.etc</Filter>
    </ClCompile>
    <ClCompile Include="최대공약수, 최소공배수.cpp">
      <Filter>소스 파일\99.etc</Filter>
    </ClCompile>
    <ClCompile Include="소인수분해.cpp">
      <Filter>소스 파일\99.etc</Filter>
    </ClCompile>
    <ClCompile Include="merge_sort.cpp">
      <Filter>소스 파일\0.divide and conquer</Filter>
    </ClCompile>
    <ClCompile Include="binary_search.cpp">
      <Filter>소스 파일\0.divide and conquer</Filter>
    </ClCompile>
    <ClCompile Include="quick_sort.cpp">
      <Filter>소스 파일\0.divide and conquer</Filter>
    </ClCompile>
    <ClCompile Include="heap_sort.cpp">
      <Filter>소스 파일\0.divide and conquer</Filter>
    </ClCompile>
  </ItemGroup>
</Project>